
Microsoft Visual Studio Solution File, Format Version 12.00
# Visual Studio Version 17
VisualStudioVersion = 17.7.34024.191
MinimumVisualStudioVersion = 10.0.40219.1
Project("{FAE04EC0-301F-11D3-BF4B-00C04F79EFBC}") = "CB_Backend_FAB", "CB_Backend_FAB\CB_Backend_FAB.csproj", "{AEE61D91-4102-4A44-960E-8200DD03F772}"
EndProject
Global
	GlobalSection(SolutionConfigurationPlatforms) = preSolution
		Debug|Any CPU = Debug|Any CPU
		Release|Any CPU = Release|Any CPU
	EndGlobalSection
	GlobalSection(ProjectConfigurationPlatforms) = postSolution
		{AEE61D91-4102-4A44-960E-8200DD03F772}.Debug|Any CPU.ActiveCfg = Debug|Any CPU
		{AEE61D91-4102-4A44-960E-8200DD03F772}.Debug|Any CPU.Build.0 = Debug|Any CPU
		{AEE61D91-4102-4A44-960E-8200DD03F772}.Release|Any CPU.ActiveCfg = Release|Any CPU
		{AEE61D91-4102-4A44-960E-8200DD03F772}.Release|Any CPU.Build.0 = Release|Any CPU
	EndGlobalSection
	GlobalSection(SolutionProperties) = preSolution
		HideSolutionNode = FALSE
	EndGlobalSection
	GlobalSection(ExtensibilityGlobals) = postSolution
		SolutionGuid = {9488144B-6122-4011-AA6F-2F478C0CE447}
	EndGlobalSection
EndGlobal
